
Microsoft Visual Studio Solution File, Format Version 12.00
# Visual Studio Version 17
VisualStudioVersion = 17.10.34928.147
MinimumVisualStudioVersion = 10.0.40219.1
Project("{FAE04EC0-301F-11D3-BF4B-00C04F79EFBC}") = "5.PrintEvenNumbers", "5.PrintEvenNumbers\5.PrintEvenNumbers.csproj", "{3365CB89-CE87-4612-940F-7BE2D436A364}"
EndProject
Global
	GlobalSection(SolutionConfigurationPlatforms) = preSolution
		Debug|Any CPU = Debug|Any CPU
		Release|Any CPU = Release|Any CPU
	EndGlobalSection
	GlobalSection(ProjectConfigurationPlatforms) = postSolution
		{3365CB89-CE87-4612-940F-7BE2D436A364}.Debug|Any CPU.ActiveCfg = Debug|Any CPU
		{3365CB89-CE87-4612-940F-7BE2D436A364}.Debug|Any CPU.Build.0 = Debug|Any CPU
		{3365CB89-CE87-4612-940F-7BE2D436A364}.Release|Any CPU.ActiveCfg = Release|Any CPU
		{3365CB89-CE87-4612-940F-7BE2D436A364}.Release|Any CPU.Build.0 = Release|Any CPU
	EndGlobalSection
	GlobalSection(SolutionProperties) = preSolution
		HideSolutionNode = FALSE
	EndGlobalSection
	GlobalSection(ExtensibilityGlobals) = postSolution
		SolutionGuid = {CF84C100-C347-4390-8DED-D42A8C83B30E}
	EndGlobalSection
EndGlobal
