
Microsoft Visual Studio Solution File, Format Version 12.00
# Visual Studio Version 17
VisualStudioVersion = 17.10.34928.147
MinimumVisualStudioVersion = 10.0.40219.1
Project("{FAE04EC0-301F-11D3-BF4B-00C04F79EFBC}") = "5.DateModifier", "5.DateModifier\5.DateModifier.csproj", "{F43915FE-77D3-4D1C-86A7-2490BC281074}"
EndProject
Global
	GlobalSection(SolutionConfigurationPlatforms) = preSolution
		Debug|Any CPU = Debug|Any CPU
		Release|Any CPU = Release|Any CPU
	EndGlobalSection
	GlobalSection(ProjectConfigurationPlatforms) = postSolution
		{F43915FE-77D3-4D1C-86A7-2490BC281074}.Debug|Any CPU.ActiveCfg = Debug|Any CPU
		{F43915FE-77D3-4D1C-86A7-2490BC281074}.Debug|Any CPU.Build.0 = Debug|Any CPU
		{F43915FE-77D3-4D1C-86A7-2490BC281074}.Release|Any CPU.ActiveCfg = Release|Any CPU
		{F43915FE-77D3-4D1C-86A7-2490BC281074}.Release|Any CPU.Build.0 = Release|Any CPU
	EndGlobalSection
	GlobalSection(SolutionProperties) = preSolution
		HideSolutionNode = FALSE
	EndGlobalSection
	GlobalSection(ExtensibilityGlobals) = postSolution
		SolutionGuid = {C5268B60-F6E0-447B-99DC-0B29806489A2}
	EndGlobalSection
EndGlobal
