
Microsoft Visual Studio Solution File, Format Version 12.00
# Visual Studio Version 17
VisualStudioVersion = 17.10.34928.147
MinimumVisualStudioVersion = 10.0.40219.1
Project("{FAE04EC0-301F-11D3-BF4B-00C04F79EFBC}") = "3.MaximumАndMinimumElement", "3.MaximumАndMinimumElement\3.MaximumАndMinimumElement.csproj", "{68E2E693-A52E-42A5-A1A2-C8DC81CC9EBF}"
EndProject
Global
	GlobalSection(SolutionConfigurationPlatforms) = preSolution
		Debug|Any CPU = Debug|Any CPU
		Release|Any CPU = Release|Any CPU
	EndGlobalSection
	GlobalSection(ProjectConfigurationPlatforms) = postSolution
		{68E2E693-A52E-42A5-A1A2-C8DC81CC9EBF}.Debug|Any CPU.ActiveCfg = Debug|Any CPU
		{68E2E693-A52E-42A5-A1A2-C8DC81CC9EBF}.Debug|Any CPU.Build.0 = Debug|Any CPU
		{68E2E693-A52E-42A5-A1A2-C8DC81CC9EBF}.Release|Any CPU.ActiveCfg = Release|Any CPU
		{68E2E693-A52E-42A5-A1A2-C8DC81CC9EBF}.Release|Any CPU.Build.0 = Release|Any CPU
	EndGlobalSection
	GlobalSection(SolutionProperties) = preSolution
		HideSolutionNode = FALSE
	EndGlobalSection
	GlobalSection(ExtensibilityGlobals) = postSolution
		SolutionGuid = {6A9C1505-9B73-4A99-BE49-D4649BB4D11E}
	EndGlobalSection
EndGlobal
