
Microsoft Visual Studio Solution File, Format Version 12.00
# Visual Studio Version 17
VisualStudioVersion = 17.10.34928.147
MinimumVisualStudioVersion = 10.0.40219.1
Project("{FAE04EC0-301F-11D3-BF4B-00C04F79EFBC}") = "1.ActionPrint", "1.ActionPrint\1.ActionPrint.csproj", "{35B31D39-4C8A-4398-B1B1-6E9A9C9C0DBC}"
EndProject
Global
	GlobalSection(SolutionConfigurationPlatforms) = preSolution
		Debug|Any CPU = Debug|Any CPU
		Release|Any CPU = Release|Any CPU
	EndGlobalSection
	GlobalSection(ProjectConfigurationPlatforms) = postSolution
		{35B31D39-4C8A-4398-B1B1-6E9A9C9C0DBC}.Debug|Any CPU.ActiveCfg = Debug|Any CPU
		{35B31D39-4C8A-4398-B1B1-6E9A9C9C0DBC}.Debug|Any CPU.Build.0 = Debug|Any CPU
		{35B31D39-4C8A-4398-B1B1-6E9A9C9C0DBC}.Release|Any CPU.ActiveCfg = Release|Any CPU
		{35B31D39-4C8A-4398-B1B1-6E9A9C9C0DBC}.Release|Any CPU.Build.0 = Release|Any CPU
	EndGlobalSection
	GlobalSection(SolutionProperties) = preSolution
		HideSolutionNode = FALSE
	EndGlobalSection
	GlobalSection(ExtensibilityGlobals) = postSolution
		SolutionGuid = {C9CAFCC4-3C86-4AF9-A1E2-F2E9613F6AE5}
	EndGlobalSection
EndGlobal
