
Microsoft Visual Studio Solution File, Format Version 12.00
# Visual Studio Version 17
VisualStudioVersion = 17.10.34928.147
MinimumVisualStudioVersion = 10.0.40219.1
Project("{FAE04EC0-301F-11D3-BF4B-00C04F79EFBC}") = "4.EvenTimes", "4.EvenTimes\4.EvenTimes.csproj", "{6B45F110-3165-428E-AF39-4D63AEAAFD6F}"
EndProject
Global
	GlobalSection(SolutionConfigurationPlatforms) = preSolution
		Debug|Any CPU = Debug|Any CPU
		Release|Any CPU = Release|Any CPU
	EndGlobalSection
	GlobalSection(ProjectConfigurationPlatforms) = postSolution
		{6B45F110-3165-428E-AF39-4D63AEAAFD6F}.Debug|Any CPU.ActiveCfg = Debug|Any CPU
		{6B45F110-3165-428E-AF39-4D63AEAAFD6F}.Debug|Any CPU.Build.0 = Debug|Any CPU
		{6B45F110-3165-428E-AF39-4D63AEAAFD6F}.Release|Any CPU.ActiveCfg = Release|Any CPU
		{6B45F110-3165-428E-AF39-4D63AEAAFD6F}.Release|Any CPU.Build.0 = Release|Any CPU
	EndGlobalSection
	GlobalSection(SolutionProperties) = preSolution
		HideSolutionNode = FALSE
	EndGlobalSection
	GlobalSection(ExtensibilityGlobals) = postSolution
		SolutionGuid = {3DDC3963-223F-46BA-BA54-BA3B14B36BA4}
	EndGlobalSection
EndGlobal
