
Microsoft Visual Studio Solution File, Format Version 12.00
# Visual Studio Version 17
VisualStudioVersion = 17.10.34928.147
MinimumVisualStudioVersion = 10.0.40219.1
Project("{FAE04EC0-301F-11D3-BF4B-00C04F79EFBC}") = "PiePursuit", "PiePursuit\PiePursuit.csproj", "{67DD8E7F-9B1C-41AA-9271-C5534D2B114A}"
EndProject
Global
	GlobalSection(SolutionConfigurationPlatforms) = preSolution
		Debug|Any CPU = Debug|Any CPU
		Release|Any CPU = Release|Any CPU
	EndGlobalSection
	GlobalSection(ProjectConfigurationPlatforms) = postSolution
		{67DD8E7F-9B1C-41AA-9271-C5534D2B114A}.Debug|Any CPU.ActiveCfg = Debug|Any CPU
		{67DD8E7F-9B1C-41AA-9271-C5534D2B114A}.Debug|Any CPU.Build.0 = Debug|Any CPU
		{67DD8E7F-9B1C-41AA-9271-C5534D2B114A}.Release|Any CPU.ActiveCfg = Release|Any CPU
		{67DD8E7F-9B1C-41AA-9271-C5534D2B114A}.Release|Any CPU.Build.0 = Release|Any CPU
	EndGlobalSection
	GlobalSection(SolutionProperties) = preSolution
		HideSolutionNode = FALSE
	EndGlobalSection
	GlobalSection(ExtensibilityGlobals) = postSolution
		SolutionGuid = {E349EB42-B549-4AEE-9A48-1DF8B9AE15E1}
	EndGlobalSection
EndGlobal
