
Microsoft Visual Studio Solution File, Format Version 12.00
# Visual Studio Version 17
VisualStudioVersion = 17.10.34928.147
MinimumVisualStudioVersion = 10.0.40219.1
Project("{FAE04EC0-301F-11D3-BF4B-00C04F79EFBC}") = "5.ComparingObjects", "5.ComparingObjects\5.ComparingObjects.csproj", "{2D888596-7039-46AA-9738-7A9D8A54766E}"
EndProject
Global
	GlobalSection(SolutionConfigurationPlatforms) = preSolution
		Debug|Any CPU = Debug|Any CPU
		Release|Any CPU = Release|Any CPU
	EndGlobalSection
	GlobalSection(ProjectConfigurationPlatforms) = postSolution
		{2D888596-7039-46AA-9738-7A9D8A54766E}.Debug|Any CPU.ActiveCfg = Debug|Any CPU
		{2D888596-7039-46AA-9738-7A9D8A54766E}.Debug|Any CPU.Build.0 = Debug|Any CPU
		{2D888596-7039-46AA-9738-7A9D8A54766E}.Release|Any CPU.ActiveCfg = Release|Any CPU
		{2D888596-7039-46AA-9738-7A9D8A54766E}.Release|Any CPU.Build.0 = Release|Any CPU
	EndGlobalSection
	GlobalSection(SolutionProperties) = preSolution
		HideSolutionNode = FALSE
	EndGlobalSection
	GlobalSection(ExtensibilityGlobals) = postSolution
		SolutionGuid = {71E036D3-099F-41B6-B7EB-A61BE05C7A77}
	EndGlobalSection
EndGlobal
