
Microsoft Visual Studio Solution File, Format Version 12.00
# Visual Studio Version 17
VisualStudioVersion = 17.10.34928.147
MinimumVisualStudioVersion = 10.0.40219.1
Project("{FAE04EC0-301F-11D3-BF4B-00C04F79EFBC}") = "5.CountSymbols", "5.CountSymbols\5.CountSymbols.csproj", "{87F2E724-92A9-44EB-8E67-F8E1412DEC14}"
EndProject
Global
	GlobalSection(SolutionConfigurationPlatforms) = preSolution
		Debug|Any CPU = Debug|Any CPU
		Release|Any CPU = Release|Any CPU
	EndGlobalSection
	GlobalSection(ProjectConfigurationPlatforms) = postSolution
		{87F2E724-92A9-44EB-8E67-F8E1412DEC14}.Debug|Any CPU.ActiveCfg = Debug|Any CPU
		{87F2E724-92A9-44EB-8E67-F8E1412DEC14}.Debug|Any CPU.Build.0 = Debug|Any CPU
		{87F2E724-92A9-44EB-8E67-F8E1412DEC14}.Release|Any CPU.ActiveCfg = Release|Any CPU
		{87F2E724-92A9-44EB-8E67-F8E1412DEC14}.Release|Any CPU.Build.0 = Release|Any CPU
	EndGlobalSection
	GlobalSection(SolutionProperties) = preSolution
		HideSolutionNode = FALSE
	EndGlobalSection
	GlobalSection(ExtensibilityGlobals) = postSolution
		SolutionGuid = {601BB3AC-A18F-4E00-A279-4A44ADC7FB90}
	EndGlobalSection
EndGlobal
