
Microsoft Visual Studio Solution File, Format Version 12.00
# Visual Studio Version 17
VisualStudioVersion = 17.10.34928.147
MinimumVisualStudioVersion = 10.0.40219.1
Project("{FAE04EC0-301F-11D3-BF4B-00C04F79EFBC}") = "5.SquareWithMaximumSum", "5.SquareWithMaximumSum\5.SquareWithMaximumSum.csproj", "{A5B4849B-33D1-4DBA-B404-D5820B16B0A9}"
EndProject
Global
	GlobalSection(SolutionConfigurationPlatforms) = preSolution
		Debug|Any CPU = Debug|Any CPU
		Release|Any CPU = Release|Any CPU
	EndGlobalSection
	GlobalSection(ProjectConfigurationPlatforms) = postSolution
		{A5B4849B-33D1-4DBA-B404-D5820B16B0A9}.Debug|Any CPU.ActiveCfg = Debug|Any CPU
		{A5B4849B-33D1-4DBA-B404-D5820B16B0A9}.Debug|Any CPU.Build.0 = Debug|Any CPU
		{A5B4849B-33D1-4DBA-B404-D5820B16B0A9}.Release|Any CPU.ActiveCfg = Release|Any CPU
		{A5B4849B-33D1-4DBA-B404-D5820B16B0A9}.Release|Any CPU.Build.0 = Release|Any CPU
	EndGlobalSection
	GlobalSection(SolutionProperties) = preSolution
		HideSolutionNode = FALSE
	EndGlobalSection
	GlobalSection(ExtensibilityGlobals) = postSolution
		SolutionGuid = {B3044C81-8780-4F47-9025-CEC5B08DA096}
	EndGlobalSection
EndGlobal
