
Microsoft Visual Studio Solution File, Format Version 12.00
# Visual Studio Version 17
VisualStudioVersion = 17.10.34928.147
MinimumVisualStudioVersion = 10.0.40219.1
Project("{FAE04EC0-301F-11D3-BF4B-00C04F79EFBC}") = "6.SongsQueue", "6.SongsQueue\6.SongsQueue.csproj", "{EAA3807F-056E-4F6E-8365-5B7786B47209}"
EndProject
Global
	GlobalSection(SolutionConfigurationPlatforms) = preSolution
		Debug|Any CPU = Debug|Any CPU
		Release|Any CPU = Release|Any CPU
	EndGlobalSection
	GlobalSection(ProjectConfigurationPlatforms) = postSolution
		{EAA3807F-056E-4F6E-8365-5B7786B47209}.Debug|Any CPU.ActiveCfg = Debug|Any CPU
		{EAA3807F-056E-4F6E-8365-5B7786B47209}.Debug|Any CPU.Build.0 = Debug|Any CPU
		{EAA3807F-056E-4F6E-8365-5B7786B47209}.Release|Any CPU.ActiveCfg = Release|Any CPU
		{EAA3807F-056E-4F6E-8365-5B7786B47209}.Release|Any CPU.Build.0 = Release|Any CPU
	EndGlobalSection
	GlobalSection(SolutionProperties) = preSolution
		HideSolutionNode = FALSE
	EndGlobalSection
	GlobalSection(ExtensibilityGlobals) = postSolution
		SolutionGuid = {B1B5E11A-D15B-4044-B093-A568F45F08BE}
	EndGlobalSection
EndGlobal
