
Microsoft Visual Studio Solution File, Format Version 12.00
# Visual Studio Version 17
VisualStudioVersion = 17.10.34928.147
MinimumVisualStudioVersion = 10.0.40219.1
Project("{FAE04EC0-301F-11D3-BF4B-00C04F79EFBC}") = "4.AddVAT", "4.AddVAT\4.AddVAT.csproj", "{843CDC46-E085-4B74-A1AD-11319298EEE7}"
EndProject
Global
	GlobalSection(SolutionConfigurationPlatforms) = preSolution
		Debug|Any CPU = Debug|Any CPU
		Release|Any CPU = Release|Any CPU
	EndGlobalSection
	GlobalSection(ProjectConfigurationPlatforms) = postSolution
		{843CDC46-E085-4B74-A1AD-11319298EEE7}.Debug|Any CPU.ActiveCfg = Debug|Any CPU
		{843CDC46-E085-4B74-A1AD-11319298EEE7}.Debug|Any CPU.Build.0 = Debug|Any CPU
		{843CDC46-E085-4B74-A1AD-11319298EEE7}.Release|Any CPU.ActiveCfg = Release|Any CPU
		{843CDC46-E085-4B74-A1AD-11319298EEE7}.Release|Any CPU.Build.0 = Release|Any CPU
	EndGlobalSection
	GlobalSection(SolutionProperties) = preSolution
		HideSolutionNode = FALSE
	EndGlobalSection
	GlobalSection(ExtensibilityGlobals) = postSolution
		SolutionGuid = {D849FE33-A2E5-49F9-8C81-AF8D49E514B1}
	EndGlobalSection
EndGlobal
