
Microsoft Visual Studio Solution File, Format Version 12.00
# Visual Studio Version 17
VisualStudioVersion = 17.10.34928.147
MinimumVisualStudioVersion = 10.0.40219.1
Project("{FAE04EC0-301F-11D3-BF4B-00C04F79EFBC}") = "2.BasicQueueOperations", "2.BasicQueueOperations\2.BasicQueueOperations.csproj", "{86840ECE-B086-4F96-9E14-822EBA17EC95}"
EndProject
Global
	GlobalSection(SolutionConfigurationPlatforms) = preSolution
		Debug|Any CPU = Debug|Any CPU
		Release|Any CPU = Release|Any CPU
	EndGlobalSection
	GlobalSection(ProjectConfigurationPlatforms) = postSolution
		{86840ECE-B086-4F96-9E14-822EBA17EC95}.Debug|Any CPU.ActiveCfg = Debug|Any CPU
		{86840ECE-B086-4F96-9E14-822EBA17EC95}.Debug|Any CPU.Build.0 = Debug|Any CPU
		{86840ECE-B086-4F96-9E14-822EBA17EC95}.Release|Any CPU.ActiveCfg = Release|Any CPU
		{86840ECE-B086-4F96-9E14-822EBA17EC95}.Release|Any CPU.Build.0 = Release|Any CPU
	EndGlobalSection
	GlobalSection(SolutionProperties) = preSolution
		HideSolutionNode = FALSE
	EndGlobalSection
	GlobalSection(ExtensibilityGlobals) = postSolution
		SolutionGuid = {A6CA1B7A-CC05-4956-AB6D-FD28B486112F}
	EndGlobalSection
EndGlobal
