
Microsoft Visual Studio Solution File, Format Version 12.00
# Visual Studio Version 17
VisualStudioVersion = 17.10.34928.147
MinimumVisualStudioVersion = 10.0.40219.1
Project("{FAE04EC0-301F-11D3-BF4B-00C04F79EFBC}") = "9.Miner", "9.Miner\9.Miner.csproj", "{5FAA8721-B778-4B1B-AAC0-2F19B786AD02}"
EndProject
Global
	GlobalSection(SolutionConfigurationPlatforms) = preSolution
		Debug|Any CPU = Debug|Any CPU
		Release|Any CPU = Release|Any CPU
	EndGlobalSection
	GlobalSection(ProjectConfigurationPlatforms) = postSolution
		{5FAA8721-B778-4B1B-AAC0-2F19B786AD02}.Debug|Any CPU.ActiveCfg = Debug|Any CPU
		{5FAA8721-B778-4B1B-AAC0-2F19B786AD02}.Debug|Any CPU.Build.0 = Debug|Any CPU
		{5FAA8721-B778-4B1B-AAC0-2F19B786AD02}.Release|Any CPU.ActiveCfg = Release|Any CPU
		{5FAA8721-B778-4B1B-AAC0-2F19B786AD02}.Release|Any CPU.Build.0 = Release|Any CPU
	EndGlobalSection
	GlobalSection(SolutionProperties) = preSolution
		HideSolutionNode = FALSE
	EndGlobalSection
	GlobalSection(ExtensibilityGlobals) = postSolution
		SolutionGuid = {F568CBC5-6009-4F98-965F-323D0E75A752}
	EndGlobalSection
EndGlobal
