
Microsoft Visual Studio Solution File, Format Version 12.00
# Visual Studio Version 17
VisualStudioVersion = 17.10.34928.147
MinimumVisualStudioVersion = 10.0.40219.1
Project("{FAE04EC0-301F-11D3-BF4B-00C04F79EFBC}") = "1.SumMatrixElements", "1.SumMatrixElements\1.SumMatrixElements.csproj", "{51A2E31C-0D3A-45AA-ADDD-96825ABC923D}"
EndProject
Global
	GlobalSection(SolutionConfigurationPlatforms) = preSolution
		Debug|Any CPU = Debug|Any CPU
		Release|Any CPU = Release|Any CPU
	EndGlobalSection
	GlobalSection(ProjectConfigurationPlatforms) = postSolution
		{51A2E31C-0D3A-45AA-ADDD-96825ABC923D}.Debug|Any CPU.ActiveCfg = Debug|Any CPU
		{51A2E31C-0D3A-45AA-ADDD-96825ABC923D}.Debug|Any CPU.Build.0 = Debug|Any CPU
		{51A2E31C-0D3A-45AA-ADDD-96825ABC923D}.Release|Any CPU.ActiveCfg = Release|Any CPU
		{51A2E31C-0D3A-45AA-ADDD-96825ABC923D}.Release|Any CPU.Build.0 = Release|Any CPU
	EndGlobalSection
	GlobalSection(SolutionProperties) = preSolution
		HideSolutionNode = FALSE
	EndGlobalSection
	GlobalSection(ExtensibilityGlobals) = postSolution
		SolutionGuid = {4606AD2C-F09F-42B0-8594-3EC7CF4F3D40}
	EndGlobalSection
EndGlobal
