
Microsoft Visual Studio Solution File, Format Version 12.00
# Visual Studio Version 17
VisualStudioVersion = 17.10.34928.147
MinimumVisualStudioVersion = 10.0.40219.1
Project("{FAE04EC0-301F-11D3-BF4B-00C04F79EFBC}") = "1.DiagonalDifference", "1.DiagonalDifference\1.DiagonalDifference.csproj", "{FF5A3511-DFB2-4B54-A3F6-4A613F31A76C}"
EndProject
Global
	GlobalSection(SolutionConfigurationPlatforms) = preSolution
		Debug|Any CPU = Debug|Any CPU
		Release|Any CPU = Release|Any CPU
	EndGlobalSection
	GlobalSection(ProjectConfigurationPlatforms) = postSolution
		{FF5A3511-DFB2-4B54-A3F6-4A613F31A76C}.Debug|Any CPU.ActiveCfg = Debug|Any CPU
		{FF5A3511-DFB2-4B54-A3F6-4A613F31A76C}.Debug|Any CPU.Build.0 = Debug|Any CPU
		{FF5A3511-DFB2-4B54-A3F6-4A613F31A76C}.Release|Any CPU.ActiveCfg = Release|Any CPU
		{FF5A3511-DFB2-4B54-A3F6-4A613F31A76C}.Release|Any CPU.Build.0 = Release|Any CPU
	EndGlobalSection
	GlobalSection(SolutionProperties) = preSolution
		HideSolutionNode = FALSE
	EndGlobalSection
	GlobalSection(ExtensibilityGlobals) = postSolution
		SolutionGuid = {59802695-560A-42ED-85A4-0E051A13B0D9}
	EndGlobalSection
EndGlobal
