
Microsoft Visual Studio Solution File, Format Version 12.00
# Visual Studio Version 17
VisualStudioVersion = 17.10.34928.147
MinimumVisualStudioVersion = 10.0.40219.1
Project("{FAE04EC0-301F-11D3-BF4B-00C04F79EFBC}") = "2.StackSum", "2.StackSum\2.StackSum.csproj", "{94076E64-3B85-4921-9D05-2C1A56398DE9}"
EndProject
Global
	GlobalSection(SolutionConfigurationPlatforms) = preSolution
		Debug|Any CPU = Debug|Any CPU
		Release|Any CPU = Release|Any CPU
	EndGlobalSection
	GlobalSection(ProjectConfigurationPlatforms) = postSolution
		{94076E64-3B85-4921-9D05-2C1A56398DE9}.Debug|Any CPU.ActiveCfg = Debug|Any CPU
		{94076E64-3B85-4921-9D05-2C1A56398DE9}.Debug|Any CPU.Build.0 = Debug|Any CPU
		{94076E64-3B85-4921-9D05-2C1A56398DE9}.Release|Any CPU.ActiveCfg = Release|Any CPU
		{94076E64-3B85-4921-9D05-2C1A56398DE9}.Release|Any CPU.Build.0 = Release|Any CPU
	EndGlobalSection
	GlobalSection(SolutionProperties) = preSolution
		HideSolutionNode = FALSE
	EndGlobalSection
	GlobalSection(ExtensibilityGlobals) = postSolution
		SolutionGuid = {69B670B7-7D67-4350-A030-7595529616ED}
	EndGlobalSection
EndGlobal
