
Microsoft Visual Studio Solution File, Format Version 12.00
# Visual Studio Version 17
VisualStudioVersion = 17.10.34928.147
MinimumVisualStudioVersion = 10.0.40219.1
Project("{FAE04EC0-301F-11D3-BF4B-00C04F79EFBC}") = "12.CupsAndBottles", "12.CupsAndBottles\12.CupsAndBottles.csproj", "{7378D2F8-8D15-4DD0-B614-23A21BA0D1EE}"
EndProject
Global
	GlobalSection(SolutionConfigurationPlatforms) = preSolution
		Debug|Any CPU = Debug|Any CPU
		Release|Any CPU = Release|Any CPU
	EndGlobalSection
	GlobalSection(ProjectConfigurationPlatforms) = postSolution
		{7378D2F8-8D15-4DD0-B614-23A21BA0D1EE}.Debug|Any CPU.ActiveCfg = Debug|Any CPU
		{7378D2F8-8D15-4DD0-B614-23A21BA0D1EE}.Debug|Any CPU.Build.0 = Debug|Any CPU
		{7378D2F8-8D15-4DD0-B614-23A21BA0D1EE}.Release|Any CPU.ActiveCfg = Release|Any CPU
		{7378D2F8-8D15-4DD0-B614-23A21BA0D1EE}.Release|Any CPU.Build.0 = Release|Any CPU
	EndGlobalSection
	GlobalSection(SolutionProperties) = preSolution
		HideSolutionNode = FALSE
	EndGlobalSection
	GlobalSection(ExtensibilityGlobals) = postSolution
		SolutionGuid = {0425CB02-1B8C-4721-BA72-84A772D01F2A}
	EndGlobalSection
EndGlobal
