
Microsoft Visual Studio Solution File, Format Version 12.00
# Visual Studio Version 17
VisualStudioVersion = 17.10.34928.147
MinimumVisualStudioVersion = 10.0.40219.1
Project("{FAE04EC0-301F-11D3-BF4B-00C04F79EFBC}") = "1.ListyIterator", "1.ListyIterator\1.ListyIterator.csproj", "{626A6363-C3CE-4DAC-915C-51D3869A37E9}"
EndProject
Global
	GlobalSection(SolutionConfigurationPlatforms) = preSolution
		Debug|Any CPU = Debug|Any CPU
		Release|Any CPU = Release|Any CPU
	EndGlobalSection
	GlobalSection(ProjectConfigurationPlatforms) = postSolution
		{626A6363-C3CE-4DAC-915C-51D3869A37E9}.Debug|Any CPU.ActiveCfg = Debug|Any CPU
		{626A6363-C3CE-4DAC-915C-51D3869A37E9}.Debug|Any CPU.Build.0 = Debug|Any CPU
		{626A6363-C3CE-4DAC-915C-51D3869A37E9}.Release|Any CPU.ActiveCfg = Release|Any CPU
		{626A6363-C3CE-4DAC-915C-51D3869A37E9}.Release|Any CPU.Build.0 = Release|Any CPU
	EndGlobalSection
	GlobalSection(SolutionProperties) = preSolution
		HideSolutionNode = FALSE
	EndGlobalSection
	GlobalSection(ExtensibilityGlobals) = postSolution
		SolutionGuid = {047EEB81-D2B5-4101-8B76-7DEF8CB36AB1}
	EndGlobalSection
EndGlobal
