
Microsoft Visual Studio Solution File, Format Version 12.00
# Visual Studio Version 17
VisualStudioVersion = 17.10.34928.147
MinimumVisualStudioVersion = 10.0.40219.1
Project("{FAE04EC0-301F-11D3-BF4B-00C04F79EFBC}") = "02.ClearSkies", "02.ClearSkies\02.ClearSkies.csproj", "{BD8C3761-D8AC-444C-95B8-A4096CDD2901}"
EndProject
Global
	GlobalSection(SolutionConfigurationPlatforms) = preSolution
		Debug|Any CPU = Debug|Any CPU
		Release|Any CPU = Release|Any CPU
	EndGlobalSection
	GlobalSection(ProjectConfigurationPlatforms) = postSolution
		{BD8C3761-D8AC-444C-95B8-A4096CDD2901}.Debug|Any CPU.ActiveCfg = Debug|Any CPU
		{BD8C3761-D8AC-444C-95B8-A4096CDD2901}.Debug|Any CPU.Build.0 = Debug|Any CPU
		{BD8C3761-D8AC-444C-95B8-A4096CDD2901}.Release|Any CPU.ActiveCfg = Release|Any CPU
		{BD8C3761-D8AC-444C-95B8-A4096CDD2901}.Release|Any CPU.Build.0 = Release|Any CPU
	EndGlobalSection
	GlobalSection(SolutionProperties) = preSolution
		HideSolutionNode = FALSE
	EndGlobalSection
	GlobalSection(ExtensibilityGlobals) = postSolution
		SolutionGuid = {FE4C5080-108F-40E0-BDE9-F569533E3F86}
	EndGlobalSection
EndGlobal
