
Microsoft Visual Studio Solution File, Format Version 12.00
# Visual Studio Version 17
VisualStudioVersion = 17.10.34928.147
MinimumVisualStudioVersion = 10.0.40219.1
Project("{FAE04EC0-301F-11D3-BF4B-00C04F79EFBC}") = "8.Ranking", "8.Ranking\8.Ranking.csproj", "{5E04D83C-077D-4B89-B39B-FB8986686BA3}"
EndProject
Global
	GlobalSection(SolutionConfigurationPlatforms) = preSolution
		Debug|Any CPU = Debug|Any CPU
		Release|Any CPU = Release|Any CPU
	EndGlobalSection
	GlobalSection(ProjectConfigurationPlatforms) = postSolution
		{5E04D83C-077D-4B89-B39B-FB8986686BA3}.Debug|Any CPU.ActiveCfg = Debug|Any CPU
		{5E04D83C-077D-4B89-B39B-FB8986686BA3}.Debug|Any CPU.Build.0 = Debug|Any CPU
		{5E04D83C-077D-4B89-B39B-FB8986686BA3}.Release|Any CPU.ActiveCfg = Release|Any CPU
		{5E04D83C-077D-4B89-B39B-FB8986686BA3}.Release|Any CPU.Build.0 = Release|Any CPU
	EndGlobalSection
	GlobalSection(SolutionProperties) = preSolution
		HideSolutionNode = FALSE
	EndGlobalSection
	GlobalSection(ExtensibilityGlobals) = postSolution
		SolutionGuid = {1A00B1EC-B0B6-4BFE-9155-E3BFFE563516}
	EndGlobalSection
EndGlobal
