
Microsoft Visual Studio Solution File, Format Version 12.00
# Visual Studio Version 17
VisualStudioVersion = 17.10.34928.147
MinimumVisualStudioVersion = 10.0.40219.1
Project("{FAE04EC0-301F-11D3-BF4B-00C04F79EFBC}") = "02.CustomStack", "02.CustomStack\02.CustomStack.csproj", "{F33D8743-5FC4-4661-912B-35FF94676346}"
EndProject
Global
	GlobalSection(SolutionConfigurationPlatforms) = preSolution
		Debug|Any CPU = Debug|Any CPU
		Release|Any CPU = Release|Any CPU
	EndGlobalSection
	GlobalSection(ProjectConfigurationPlatforms) = postSolution
		{F33D8743-5FC4-4661-912B-35FF94676346}.Debug|Any CPU.ActiveCfg = Debug|Any CPU
		{F33D8743-5FC4-4661-912B-35FF94676346}.Debug|Any CPU.Build.0 = Debug|Any CPU
		{F33D8743-5FC4-4661-912B-35FF94676346}.Release|Any CPU.ActiveCfg = Release|Any CPU
		{F33D8743-5FC4-4661-912B-35FF94676346}.Release|Any CPU.Build.0 = Release|Any CPU
	EndGlobalSection
	GlobalSection(SolutionProperties) = preSolution
		HideSolutionNode = FALSE
	EndGlobalSection
	GlobalSection(ExtensibilityGlobals) = postSolution
		SolutionGuid = {A3895F9D-63AC-4081-8980-112A6E5899E3}
	EndGlobalSection
EndGlobal
